
Microsoft Visual Studio Solution File, Format Version 12.00
# Visual Studio Version 16
VisualStudioVersion = 16.0.30503.244
MinimumVisualStudioVersion = 10.0.40219.1
Project("{FAE04EC0-301F-11D3-BF4B-00C04F79EFBC}") = "Test", "Test\Test.csproj", "{3C51614D-932E-4332-8B65-FFEB5E4BF950}"
EndProject
Project("{FAE04EC0-301F-11D3-BF4B-00C04F79EFBC}") = "CustomIoC", "CustomIoC\CustomIoC.csproj", "{E2D36E7E-E09D-4C2E-A19B-362D9BC03C66}"
EndProject
Global
	GlobalSection(SolutionConfigurationPlatforms) = preSolution
		Debug|Any CPU = Debug|Any CPU
		Release|Any CPU = Release|Any CPU
	EndGlobalSection
	GlobalSection(ProjectConfigurationPlatforms) = postSolution
		{3C51614D-932E-4332-8B65-FFEB5E4BF950}.Debug|Any CPU.ActiveCfg = Debug|Any CPU
		{3C51614D-932E-4332-8B65-FFEB5E4BF950}.Debug|Any CPU.Build.0 = Debug|Any CPU
		{3C51614D-932E-4332-8B65-FFEB5E4BF950}.Release|Any CPU.ActiveCfg = Release|Any CPU
		{3C51614D-932E-4332-8B65-FFEB5E4BF950}.Release|Any CPU.Build.0 = Release|Any CPU
		{E2D36E7E-E09D-4C2E-A19B-362D9BC03C66}.Debug|Any CPU.ActiveCfg = Debug|Any CPU
		{E2D36E7E-E09D-4C2E-A19B-362D9BC03C66}.Debug|Any CPU.Build.0 = Debug|Any CPU
		{E2D36E7E-E09D-4C2E-A19B-362D9BC03C66}.Release|Any CPU.ActiveCfg = Release|Any CPU
		{E2D36E7E-E09D-4C2E-A19B-362D9BC03C66}.Release|Any CPU.Build.0 = Release|Any CPU
	EndGlobalSection
	GlobalSection(SolutionProperties) = preSolution
		HideSolutionNode = FALSE
	EndGlobalSection
	GlobalSection(ExtensibilityGlobals) = postSolution
		SolutionGuid = {F595B642-363C-4319-AEBF-422B43A78213}
	EndGlobalSection
EndGlobal
